// !$*UTF8*$!
{
	archiveVersion = 1;
	classes = {
	};
	objectVersion = 55;
	objects = {

/* Begin PBXBuildFile section */
		1629522327CF5C3E00E599E4 /* MoodSelectionViewController.swift in Sources */ = {isa = PBXBuildFile; fileRef = 1629522227CF5C3E00E599E4 /* MoodSelectionViewController.swift */; };
		1629522527CF5E0D00E599E4 /* CreateDailyRecordViewController.storyboard in Resources */ = {isa = PBXBuildFile; fileRef = 1629522427CF5E0D00E599E4 /* CreateDailyRecordViewController.storyboard */; };
		1629525827CF9F6D00E599E4 /* Model.xcdatamodeld in Sources */ = {isa = PBXBuildFile; fileRef = 1629525627CF9F6D00E599E4 /* Model.xcdatamodeld */; };
		1629526A27CFBF4300E599E4 /* Activity+CoreDataClass.swift in Sources */ = {isa = PBXBuildFile; fileRef = 1629526827CFBF4300E599E4 /* Activity+CoreDataClass.swift */; };
		1629526B27CFBF4300E599E4 /* Activity+CoreDataProperties.swift in Sources */ = {isa = PBXBuildFile; fileRef = 1629526927CFBF4300E599E4 /* Activity+CoreDataProperties.swift */; };
		1629526D27D0291E00E599E4 /* DailyRecordTableViewCell.swift in Sources */ = {isa = PBXBuildFile; fileRef = 1629526C27D0291E00E599E4 /* DailyRecordTableViewCell.swift */; };
		1629527027D02A9900E599E4 /* RecordListVC+UITableViewDataSource.swift in Sources */ = {isa = PBXBuildFile; fileRef = 1629526F27D02A9900E599E4 /* RecordListVC+UITableViewDataSource.swift */; };
		1629527327D02BC000E599E4 /* RecordListVC+SetUp.swift in Sources */ = {isa = PBXBuildFile; fileRef = 1629527227D02BC000E599E4 /* RecordListVC+SetUp.swift */; };
		16B91C4027CD6FB0005C05A8 /* AppDelegate.swift in Sources */ = {isa = PBXBuildFile; fileRef = 16B91C3F27CD6FB0005C05A8 /* AppDelegate.swift */; };
		16B91C4227CD6FB0005C05A8 /* SceneDelegate.swift in Sources */ = {isa = PBXBuildFile; fileRef = 16B91C4127CD6FB0005C05A8 /* SceneDelegate.swift */; };
		16B91C4727CD6FB0005C05A8 /* Main.storyboard in Resources */ = {isa = PBXBuildFile; fileRef = 16B91C4527CD6FB0005C05A8 /* Main.storyboard */; };
		16B91C4927CD6FB2005C05A8 /* Assets.xcassets in Resources */ = {isa = PBXBuildFile; fileRef = 16B91C4827CD6FB2005C05A8 /* Assets.xcassets */; };
		16B91C4C27CD6FB2005C05A8 /* LaunchScreen.storyboard in Resources */ = {isa = PBXBuildFile; fileRef = 16B91C4A27CD6FB2005C05A8 /* LaunchScreen.storyboard */; };
		16B91C5827CD7988005C05A8 /* RecordListViewController.swift in Sources */ = {isa = PBXBuildFile; fileRef = 16B91C5727CD7988005C05A8 /* RecordListViewController.swift */; };
		16B91C5F27CD847B005C05A8 /* RecordListViewController.storyboard in Resources */ = {isa = PBXBuildFile; fileRef = 16B91C5E27CD847B005C05A8 /* RecordListViewController.storyboard */; };
		16B91C6427CD9C50005C05A8 /* TagListView.swift in Sources */ = {isa = PBXBuildFile; fileRef = 16B91C6327CD9C50005C05A8 /* TagListView.swift */; };
		16BF2DF827D119E700242B07 /* DailyRecord+CoreDataClass.swift in Sources */ = {isa = PBXBuildFile; fileRef = 16BF2DF627D119E700242B07 /* DailyRecord+CoreDataClass.swift */; };
		16BF2DF927D119E700242B07 /* DailyRecord+CoreDataProperties.swift in Sources */ = {isa = PBXBuildFile; fileRef = 16BF2DF727D119E700242B07 /* DailyRecord+CoreDataProperties.swift */; };
		16BF2DFC27D11BB600242B07 /* CoreDataManager.swift in Sources */ = {isa = PBXBuildFile; fileRef = 16BF2DFB27D11BB600242B07 /* CoreDataManager.swift */; };
		16BF2DFF27D1852400242B07 /* ActivityCollectionViewCell.swift in Sources */ = {isa = PBXBuildFile; fileRef = 16BF2DFE27D1852400242B07 /* ActivityCollectionViewCell.swift */; };
		16BF2E0227D1C3C700242B07 /* MoodButton.swift in Sources */ = {isa = PBXBuildFile; fileRef = 16BF2E0127D1C3C700242B07 /* MoodButton.swift */; };
		16BF2E0427D1D0C300242B07 /* Mood.swift in Sources */ = {isa = PBXBuildFile; fileRef = 16BF2E0327D1D0C300242B07 /* Mood.swift */; };
		16E44BAC27CDEE9B00EAD05B /* CloudKit.framework in Frameworks */ = {isa = PBXBuildFile; fileRef = 16E44BAB27CDEE9B00EAD05B /* CloudKit.framework */; };
/* End PBXBuildFile section */

/* Begin PBXFileReference section */
		1629522227CF5C3E00E599E4 /* MoodSelectionViewController.swift */ = {isa = PBXFileReference; lastKnownFileType = sourcecode.swift; path = MoodSelectionViewController.swift; sourceTree = "<group>"; };
		1629522427CF5E0D00E599E4 /* CreateDailyRecordViewController.storyboard */ = {isa = PBXFileReference; lastKnownFileType = file.storyboard; path = CreateDailyRecordViewController.storyboard; sourceTree = "<group>"; };
		1629525727CF9F6D00E599E4 /* Model.xcdatamodel */ = {isa = PBXFileReference; lastKnownFileType = wrapper.xcdatamodel; path = Model.xcdatamodel; sourceTree = "<group>"; };
		1629526827CFBF4300E599E4 /* Activity+CoreDataClass.swift */ = {isa = PBXFileReference; lastKnownFileType = sourcecode.swift; path = "Activity+CoreDataClass.swift"; sourceTree = "<group>"; };
		1629526927CFBF4300E599E4 /* Activity+CoreDataProperties.swift */ = {isa = PBXFileReference; lastKnownFileType = sourcecode.swift; path = "Activity+CoreDataProperties.swift"; sourceTree = "<group>"; };
		1629526C27D0291E00E599E4 /* DailyRecordTableViewCell.swift */ = {isa = PBXFileReference; lastKnownFileType = sourcecode.swift; path = DailyRecordTableViewCell.swift; sourceTree = "<group>"; };
		1629526F27D02A9900E599E4 /* RecordListVC+UITableViewDataSource.swift */ = {isa = PBXFileReference; lastKnownFileType = sourcecode.swift; path = "RecordListVC+UITableViewDataSource.swift"; sourceTree = "<group>"; };
		1629527227D02BC000E599E4 /* RecordListVC+SetUp.swift */ = {isa = PBXFileReference; lastKnownFileType = sourcecode.swift; path = "RecordListVC+SetUp.swift"; sourceTree = "<group>"; };
		16B91C3C27CD6FB0005C05A8 /* Recorday.app */ = {isa = PBXFileReference; explicitFileType = wrapper.application; includeInIndex = 0; path = Recorday.app; sourceTree = BUILT_PRODUCTS_DIR; };
		16B91C3F27CD6FB0005C05A8 /* AppDelegate.swift */ = {isa = PBXFileReference; lastKnownFileType = sourcecode.swift; path = AppDelegate.swift; sourceTree = "<group>"; };
		16B91C4127CD6FB0005C05A8 /* SceneDelegate.swift */ = {isa = PBXFileReference; lastKnownFileType = sourcecode.swift; path = SceneDelegate.swift; sourceTree = "<group>"; };
		16B91C4627CD6FB0005C05A8 /* Base */ = {isa = PBXFileReference; lastKnownFileType = file.storyboard; name = Base; path = Base.lproj/Main.storyboard; sourceTree = "<group>"; };
		16B91C4827CD6FB2005C05A8 /* Assets.xcassets */ = {isa = PBXFileReference; lastKnownFileType = folder.assetcatalog; path = Assets.xcassets; sourceTree = "<group>"; };
		16B91C4B27CD6FB2005C05A8 /* Base */ = {isa = PBXFileReference; lastKnownFileType = file.storyboard; name = Base; path = Base.lproj/LaunchScreen.storyboard; sourceTree = "<group>"; };
		16B91C4D27CD6FB2005C05A8 /* Info.plist */ = {isa = PBXFileReference; lastKnownFileType = text.plist.xml; path = Info.plist; sourceTree = "<group>"; };
		16B91C5727CD7988005C05A8 /* RecordListViewController.swift */ = {isa = PBXFileReference; lastKnownFileType = sourcecode.swift; path = RecordListViewController.swift; sourceTree = "<group>"; };
		16B91C5E27CD847B005C05A8 /* RecordListViewController.storyboard */ = {isa = PBXFileReference; lastKnownFileType = file.storyboard; path = RecordListViewController.storyboard; sourceTree = "<group>"; };
		16B91C6327CD9C50005C05A8 /* TagListView.swift */ = {isa = PBXFileReference; lastKnownFileType = sourcecode.swift; path = TagListView.swift; sourceTree = "<group>"; };
		16BF2DF627D119E700242B07 /* DailyRecord+CoreDataClass.swift */ = {isa = PBXFileReference; lastKnownFileType = sourcecode.swift; path = "DailyRecord+CoreDataClass.swift"; sourceTree = "<group>"; };
		16BF2DF727D119E700242B07 /* DailyRecord+CoreDataProperties.swift */ = {isa = PBXFileReference; lastKnownFileType = sourcecode.swift; path = "DailyRecord+CoreDataProperties.swift"; sourceTree = "<group>"; };
		16BF2DFB27D11BB600242B07 /* CoreDataManager.swift */ = {isa = PBXFileReference; lastKnownFileType = sourcecode.swift; path = CoreDataManager.swift; sourceTree = "<group>"; };
		16BF2DFE27D1852400242B07 /* ActivityCollectionViewCell.swift */ = {isa = PBXFileReference; lastKnownFileType = sourcecode.swift; path = ActivityCollectionViewCell.swift; sourceTree = "<group>"; };
		16BF2E0127D1C3C700242B07 /* MoodButton.swift */ = {isa = PBXFileReference; lastKnownFileType = sourcecode.swift; path = MoodButton.swift; sourceTree = "<group>"; };
		16BF2E0327D1D0C300242B07 /* Mood.swift */ = {isa = PBXFileReference; lastKnownFileType = sourcecode.swift; path = Mood.swift; sourceTree = "<group>"; };
		16E44BA927CDC00400EAD05B /* Recorday.entitlements */ = {isa = PBXFileReference; lastKnownFileType = text.plist.entitlements; path = Recorday.entitlements; sourceTree = "<group>"; };
		16E44BAB27CDEE9B00EAD05B /* CloudKit.framework */ = {isa = PBXFileReference; lastKnownFileType = wrapper.framework; name = CloudKit.framework; path = System/Library/Frameworks/CloudKit.framework; sourceTree = SDKROOT; };
/* End PBXFileReference section */

/* Begin PBXFrameworksBuildPhase section */
		16B91C3927CD6FB0005C05A8 /* Frameworks */ = {
			isa = PBXFrameworksBuildPhase;
			buildActionMask = 2147483647;
			files = (
				16E44BAC27CDEE9B00EAD05B /* CloudKit.framework in Frameworks */,
			);
			runOnlyForDeploymentPostprocessing = 0;
		};
/* End PBXFrameworksBuildPhase section */

/* Begin PBXGroup section */
		1629522127CF5B5300E599E4 /* CreateDailyRecord */ = {
			isa = PBXGroup;
			children = (
				1629522927CF63AB00E599E4 /* Extension */,
				1629522227CF5C3E00E599E4 /* MoodSelectionViewController.swift */,
				1629522427CF5E0D00E599E4 /* CreateDailyRecordViewController.storyboard */,
			);
			path = CreateDailyRecord;
			sourceTree = "<group>";
		};
		1629522927CF63AB00E599E4 /* Extension */ = {
			isa = PBXGroup;
			children = (
			);
			path = Extension;
			sourceTree = "<group>";
		};
		1629522A27CF65DC00E599E4 /* Extension */ = {
			isa = PBXGroup;
			children = (
				1629526F27D02A9900E599E4 /* RecordListVC+UITableViewDataSource.swift */,
				1629527227D02BC000E599E4 /* RecordListVC+SetUp.swift */,
			);
			path = Extension;
			sourceTree = "<group>";
		};
		1629525C27CFA53100E599E4 /* CoreData */ = {
			isa = PBXGroup;
			children = (
				16BF2DF627D119E700242B07 /* DailyRecord+CoreDataClass.swift */,
				16BF2DF727D119E700242B07 /* DailyRecord+CoreDataProperties.swift */,
				1629526827CFBF4300E599E4 /* Activity+CoreDataClass.swift */,
				1629526927CFBF4300E599E4 /* Activity+CoreDataProperties.swift */,
				1629525627CF9F6D00E599E4 /* Model.xcdatamodeld */,
				16BF2DFB27D11BB600242B07 /* CoreDataManager.swift */,
			);
			path = CoreData;
			sourceTree = "<group>";
		};
		1629526527CFA6D500E599E4 /* Model */ = {
			isa = PBXGroup;
			children = (
				16BF2E0327D1D0C300242B07 /* Mood.swift */,
			);
			path = Model;
			sourceTree = "<group>";
		};
		16B91C3327CD6FB0005C05A8 = {
			isa = PBXGroup;
			children = (
				16B91C5327CD6FBC005C05A8 /* AppDelegate */,
				16B91C6127CD9C11005C05A8 /* ViewController */,
				16B91C6027CD88D1005C05A8 /* View */,
				1629526527CFA6D500E599E4 /* Model */,
				1629525C27CFA53100E599E4 /* CoreData */,
				16B91C3E27CD6FB0005C05A8 /* Recorday */,
				16B91C3D27CD6FB0005C05A8 /* Products */,
				16E44BAA27CDEE9B00EAD05B /* Frameworks */,
			);
			sourceTree = "<group>";
		};
		16B91C3D27CD6FB0005C05A8 /* Products */ = {
			isa = PBXGroup;
			children = (
				16B91C3C27CD6FB0005C05A8 /* Recorday.app */,
			);
			name = Products;
			sourceTree = "<group>";
		};
		16B91C3E27CD6FB0005C05A8 /* Recorday */ = {
			isa = PBXGroup;
			children = (
				16E44BA927CDC00400EAD05B /* Recorday.entitlements */,
				16B91C4827CD6FB2005C05A8 /* Assets.xcassets */,
				16B91C4A27CD6FB2005C05A8 /* LaunchScreen.storyboard */,
				16B91C4D27CD6FB2005C05A8 /* Info.plist */,
			);
			path = Recorday;
			sourceTree = "<group>";
		};
		16B91C5327CD6FBC005C05A8 /* AppDelegate */ = {
			isa = PBXGroup;
			children = (
				16B91C3F27CD6FB0005C05A8 /* AppDelegate.swift */,
				16B91C4127CD6FB0005C05A8 /* SceneDelegate.swift */,
				16B91C4527CD6FB0005C05A8 /* Main.storyboard */,
			);
			path = AppDelegate;
			sourceTree = "<group>";
		};
		16B91C5427CD793D005C05A8 /* RecordListViewController */ = {
			isa = PBXGroup;
			children = (
				1629522A27CF65DC00E599E4 /* Extension */,
				16B91C5727CD7988005C05A8 /* RecordListViewController.swift */,
				16B91C5E27CD847B005C05A8 /* RecordListViewController.storyboard */,
			);
			path = RecordListViewController;
			sourceTree = "<group>";
		};
		16B91C6027CD88D1005C05A8 /* View */ = {
			isa = PBXGroup;
			children = (
				16BF2E0027D1C3AD00242B07 /* MoodButton */,
				16B91C6227CD9C31005C05A8 /* TagListView */,
				1629526C27D0291E00E599E4 /* DailyRecordTableViewCell.swift */,
				16BF2DFE27D1852400242B07 /* ActivityCollectionViewCell.swift */,
			);
			path = View;
			sourceTree = "<group>";
		};
		16B91C6127CD9C11005C05A8 /* ViewController */ = {
			isa = PBXGroup;
			children = (
				16B91C5427CD793D005C05A8 /* RecordListViewController */,
				1629522127CF5B5300E599E4 /* CreateDailyRecord */,
			);
			path = ViewController;
			sourceTree = "<group>";
		};
		16B91C6227CD9C31005C05A8 /* TagListView */ = {
			isa = PBXGroup;
			children = (
				16B91C6327CD9C50005C05A8 /* TagListView.swift */,
			);
			path = TagListView;
			sourceTree = "<group>";
		};
		16BF2E0027D1C3AD00242B07 /* MoodButton */ = {
			isa = PBXGroup;
			children = (
				16BF2E0127D1C3C700242B07 /* MoodButton.swift */,
			);
			path = MoodButton;
			sourceTree = "<group>";
		};
		16E44BAA27CDEE9B00EAD05B /* Frameworks */ = {
			isa = PBXGroup;
			children = (
				16E44BAB27CDEE9B00EAD05B /* CloudKit.framework */,
			);
			name = Frameworks;
			sourceTree = "<group>";
		};
/* End PBXGroup section */

/* Begin PBXNativeTarget section */
		16B91C3B27CD6FB0005C05A8 /* Recorday */ = {
			isa = PBXNativeTarget;
			buildConfigurationList = 16B91C5027CD6FB2005C05A8 /* Build configuration list for PBXNativeTarget "Recorday" */;
			buildPhases = (
				16B91C3827CD6FB0005C05A8 /* Sources */,
				16B91C3927CD6FB0005C05A8 /* Frameworks */,
				16B91C3A27CD6FB0005C05A8 /* Resources */,
			);
			buildRules = (
			);
			dependencies = (
			);
			name = Recorday;
			productName = Recorday;
			productReference = 16B91C3C27CD6FB0005C05A8 /* Recorday.app */;
			productType = "com.apple.product-type.application";
		};
/* End PBXNativeTarget section */

/* Begin PBXProject section */
		16B91C3427CD6FB0005C05A8 /* Project object */ = {
			isa = PBXProject;
			attributes = {
				BuildIndependentTargetsInParallel = 1;
				LastSwiftUpdateCheck = 1320;
				LastUpgradeCheck = 1320;
				TargetAttributes = {
					16B91C3B27CD6FB0005C05A8 = {
						CreatedOnToolsVersion = 13.2.1;
					};
				};
			};
			buildConfigurationList = 16B91C3727CD6FB0005C05A8 /* Build configuration list for PBXProject "Recorday" */;
			compatibilityVersion = "Xcode 13.0";
			developmentRegion = en;
			hasScannedForEncodings = 0;
			knownRegions = (
				en,
				Base,
			);
			mainGroup = 16B91C3327CD6FB0005C05A8;
			productRefGroup = 16B91C3D27CD6FB0005C05A8 /* Products */;
			projectDirPath = "";
			projectRoot = "";
			targets = (
				16B91C3B27CD6FB0005C05A8 /* Recorday */,
			);
		};
/* End PBXProject section */

/* Begin PBXResourcesBuildPhase section */
		16B91C3A27CD6FB0005C05A8 /* Resources */ = {
			isa = PBXResourcesBuildPhase;
			buildActionMask = 2147483647;
			files = (
				16B91C5F27CD847B005C05A8 /* RecordListViewController.storyboard in Resources */,
				16B91C4C27CD6FB2005C05A8 /* LaunchScreen.storyboard in Resources */,
				1629522527CF5E0D00E599E4 /* CreateDailyRecordViewController.storyboard in Resources */,
				16B91C4927CD6FB2005C05A8 /* Assets.xcassets in Resources */,
				16B91C4727CD6FB0005C05A8 /* Main.storyboard in Resources */,
			);
			runOnlyForDeploymentPostprocessing = 0;
		};
/* End PBXResourcesBuildPhase section */

/* Begin PBXSourcesBuildPhase section */
		16B91C3827CD6FB0005C05A8 /* Sources */ = {
			isa = PBXSourcesBuildPhase;
			buildActionMask = 2147483647;
			files = (
				16BF2DF827D119E700242B07 /* DailyRecord+CoreDataClass.swift in Sources */,
				16B91C6427CD9C50005C05A8 /* TagListView.swift in Sources */,
				1629526D27D0291E00E599E4 /* DailyRecordTableViewCell.swift in Sources */,
				1629526B27CFBF4300E599E4 /* Activity+CoreDataProperties.swift in Sources */,
				1629522327CF5C3E00E599E4 /* MoodSelectionViewController.swift in Sources */,
				16BF2E0427D1D0C300242B07 /* Mood.swift in Sources */,
				16BF2DFF27D1852400242B07 /* ActivityCollectionViewCell.swift in Sources */,
				16BF2E0227D1C3C700242B07 /* MoodButton.swift in Sources */,
				16B91C4027CD6FB0005C05A8 /* AppDelegate.swift in Sources */,
				1629526A27CFBF4300E599E4 /* Activity+CoreDataClass.swift in Sources */,
				16BF2DF927D119E700242B07 /* DailyRecord+CoreDataProperties.swift in Sources */,
				1629525827CF9F6D00E599E4 /* Model.xcdatamodeld in Sources */,
				16B91C5827CD7988005C05A8 /* RecordListViewController.swift in Sources */,
				1629527027D02A9900E599E4 /* RecordListVC+UITableViewDataSource.swift in Sources */,
				16B91C4227CD6FB0005C05A8 /* SceneDelegate.swift in Sources */,
				16BF2DFC27D11BB600242B07 /* CoreDataManager.swift in Sources */,
				1629527327D02BC000E599E4 /* RecordListVC+SetUp.swift in Sources */,
			);
			runOnlyForDeploymentPostprocessing = 0;
		};
/* End PBXSourcesBuildPhase section */

/* Begin PBXVariantGroup section */
		16B91C4527CD6FB0005C05A8 /* Main.storyboard */ = {
			isa = PBXVariantGroup;
			children = (
				16B91C4627CD6FB0005C05A8 /* Base */,
			);
			name = Main.storyboard;
			sourceTree = "<group>";
		};
		16B91C4A27CD6FB2005C05A8 /* LaunchScreen.storyboard */ = {
			isa = PBXVariantGroup;
			children = (
				16B91C4B27CD6FB2005C05A8 /* Base */,
			);
			name = LaunchScreen.storyboard;
			sourceTree = "<group>";
		};
/* End PBXVariantGroup section */

/* Begin XCBuildConfiguration section */
		16B91C4E27CD6FB2005C05A8 /* Debug */ = {
			isa = XCBuildConfiguration;
			buildSettings = {
				ALWAYS_SEARCH_USER_PATHS = NO;
				CLANG_ANALYZER_NONNULL = YES;
				CLANG_ANALYZER_NUMBER_OBJECT_CONVERSION = YES_AGGRESSIVE;
				CLANG_CXX_LANGUAGE_STANDARD = "gnu++17";
				CLANG_CXX_LIBRARY = "libc++";
				CLANG_ENABLE_MODULES = YES;
				CLANG_ENABLE_OBJC_ARC = YES;
				CLANG_ENABLE_OBJC_WEAK = YES;
				CLANG_WARN_BLOCK_CAPTURE_AUTORELEASING = YES;
				CLANG_WARN_BOOL_CONVERSION = YES;
				CLANG_WARN_COMMA = YES;
				CLANG_WARN_CONSTANT_CONVERSION = YES;
				CLANG_WARN_DEPRECATED_OBJC_IMPLEMENTATIONS = YES;
				CLANG_WARN_DIRECT_OBJC_ISA_USAGE = YES_ERROR;
				CLANG_WARN_DOCUMENTATION_COMMENTS = YES;
				CLANG_WARN_EMPTY_BODY = YES;
				CLANG_WARN_ENUM_CONVERSION = YES;
				CLANG_WARN_INFINITE_RECURSION = YES;
				CLANG_WARN_INT_CONVERSION = YES;
				CLANG_WARN_NON_LITERAL_NULL_CONVERSION = YES;
				CLANG_WARN_OBJC_IMPLICIT_RETAIN_SELF = YES;
				CLANG_WARN_OBJC_LITERAL_CONVERSION = YES;
				CLANG_WARN_OBJC_ROOT_CLASS = YES_ERROR;
				CLANG_WARN_QUOTED_INCLUDE_IN_FRAMEWORK_HEADER = YES;
				CLANG_WARN_RANGE_LOOP_ANALYSIS = YES;
				CLANG_WARN_STRICT_PROTOTYPES = YES;
				CLANG_WARN_SUSPICIOUS_MOVE = YES;
				CLANG_WARN_UNGUARDED_AVAILABILITY = YES_AGGRESSIVE;
				CLANG_WARN_UNREACHABLE_CODE = YES;
				CLANG_WARN__DUPLICATE_METHOD_MATCH = YES;
				COPY_PHASE_STRIP = NO;
				DEBUG_INFORMATION_FORMAT = dwarf;
				ENABLE_STRICT_OBJC_MSGSEND = YES;
				ENABLE_TESTABILITY = YES;
				GCC_C_LANGUAGE_STANDARD = gnu11;
				GCC_DYNAMIC_NO_PIC = NO;
				GCC_NO_COMMON_BLOCKS = YES;
				GCC_OPTIMIZATION_LEVEL = 0;
				GCC_PREPROCESSOR_DEFINITIONS = (
					"DEBUG=1",
					"$(inherited)",
				);
				GCC_WARN_64_TO_32_BIT_CONVERSION = YES;
				GCC_WARN_ABOUT_RETURN_TYPE = YES_ERROR;
				GCC_WARN_UNDECLARED_SELECTOR = YES;
				GCC_WARN_UNINITIALIZED_AUTOS = YES_AGGRESSIVE;
				GCC_WARN_UNUSED_FUNCTION = YES;
				GCC_WARN_UNUSED_VARIABLE = YES;
				IPHONEOS_DEPLOYMENT_TARGET = 15.2;
				MTL_ENABLE_DEBUG_INFO = INCLUDE_SOURCE;
				MTL_FAST_MATH = YES;
				ONLY_ACTIVE_ARCH = YES;
				SDKROOT = iphoneos;
				SWIFT_ACTIVE_COMPILATION_CONDITIONS = DEBUG;
				SWIFT_OPTIMIZATION_LEVEL = "-Onone";
			};
			name = Debug;
		};
		16B91C4F27CD6FB2005C05A8 /* Release */ = {
			isa = XCBuildConfiguration;
			buildSettings = {
				ALWAYS_SEARCH_USER_PATHS = NO;
				CLANG_ANALYZER_NONNULL = YES;
				CLANG_ANALYZER_NUMBER_OBJECT_CONVERSION = YES_AGGRESSIVE;
				CLANG_CXX_LANGUAGE_STANDARD = "gnu++17";
				CLANG_CXX_LIBRARY = "libc++";
				CLANG_ENABLE_MODULES = YES;
				CLANG_ENABLE_OBJC_ARC = YES;
				CLANG_ENABLE_OBJC_WEAK = YES;
				CLANG_WARN_BLOCK_CAPTURE_AUTORELEASING = YES;
				CLANG_WARN_BOOL_CONVERSION = YES;
				CLANG_WARN_COMMA = YES;
				CLANG_WARN_CONSTANT_CONVERSION = YES;
				CLANG_WARN_DEPRECATED_OBJC_IMPLEMENTATIONS = YES;
				CLANG_WARN_DIRECT_OBJC_ISA_USAGE = YES_ERROR;
				CLANG_WARN_DOCUMENTATION_COMMENTS = YES;
				CLANG_WARN_EMPTY_BODY = YES;
				CLANG_WARN_ENUM_CONVERSION = YES;
				CLANG_WARN_INFINITE_RECURSION = YES;
				CLANG_WARN_INT_CONVERSION = YES;
				CLANG_WARN_NON_LITERAL_NULL_CONVERSION = YES;
				CLANG_WARN_OBJC_IMPLICIT_RETAIN_SELF = YES;
				CLANG_WARN_OBJC_LITERAL_CONVERSION = YES;
				CLANG_WARN_OBJC_ROOT_CLASS = YES_ERROR;
				CLANG_WARN_QUOTED_INCLUDE_IN_FRAMEWORK_HEADER = YES;
				CLANG_WARN_RANGE_LOOP_ANALYSIS = YES;
				CLANG_WARN_STRICT_PROTOTYPES = YES;
				CLANG_WARN_SUSPICIOUS_MOVE = YES;
				CLANG_WARN_UNGUARDED_AVAILABILITY = YES_AGGRESSIVE;
				CLANG_WARN_UNREACHABLE_CODE = YES;
				CLANG_WARN__DUPLICATE_METHOD_MATCH = YES;
				COPY_PHASE_STRIP = NO;
				DEBUG_INFORMATION_FORMAT = "dwarf-with-dsym";
				ENABLE_NS_ASSERTIONS = NO;
				ENABLE_STRICT_OBJC_MSGSEND = YES;
				GCC_C_LANGUAGE_STANDARD = gnu11;
				GCC_NO_COMMON_BLOCKS = YES;
				GCC_WARN_64_TO_32_BIT_CONVERSION = YES;
				GCC_WARN_ABOUT_RETURN_TYPE = YES_ERROR;
				GCC_WARN_UNDECLARED_SELECTOR = YES;
				GCC_WARN_UNINITIALIZED_AUTOS = YES_AGGRESSIVE;
				GCC_WARN_UNUSED_FUNCTION = YES;
				GCC_WARN_UNUSED_VARIABLE = YES;
				IPHONEOS_DEPLOYMENT_TARGET = 15.2;
				MTL_ENABLE_DEBUG_INFO = NO;
				MTL_FAST_MATH = YES;
				SDKROOT = iphoneos;
				SWIFT_COMPILATION_MODE = wholemodule;
				SWIFT_OPTIMIZATION_LEVEL = "-O";
				VALIDATE_PRODUCT = YES;
			};
			name = Release;
		};
		16B91C5127CD6FB2005C05A8 /* Debug */ = {
			isa = XCBuildConfiguration;
			buildSettings = {
				ASSETCATALOG_COMPILER_APPICON_NAME = AppIcon;
				ASSETCATALOG_COMPILER_GLOBAL_ACCENT_COLOR_NAME = AccentColor;
				CODE_SIGN_ENTITLEMENTS = Recorday/Recorday.entitlements;
				CODE_SIGN_STYLE = Automatic;
				CURRENT_PROJECT_VERSION = 1;
				DEVELOPMENT_TEAM = Y2RWZF749M;
				GENERATE_INFOPLIST_FILE = YES;
				INFOPLIST_FILE = Recorday/Info.plist;
				INFOPLIST_KEY_UIApplicationSupportsIndirectInputEvents = YES;
				INFOPLIST_KEY_UILaunchStoryboardName = LaunchScreen;
				INFOPLIST_KEY_UIMainStoryboardFile = Main;
				INFOPLIST_KEY_UISupportedInterfaceOrientations_iPad = "UIInterfaceOrientationPortrait UIInterfaceOrientationPortraitUpsideDown UIInterfaceOrientationLandscapeLeft UIInterfaceOrientationLandscapeRight";
				INFOPLIST_KEY_UISupportedInterfaceOrientations_iPhone = "UIInterfaceOrientationPortrait UIInterfaceOrientationLandscapeLeft UIInterfaceOrientationLandscapeRight";
				LD_RUNPATH_SEARCH_PATHS = (
					"$(inherited)",
					"@executable_path/Frameworks",
				);
				MARKETING_VERSION = 1.0;
				PRODUCT_BUNDLE_IDENTIFIER = com.milsakim.Recorday;
				PRODUCT_NAME = "$(TARGET_NAME)";
				SWIFT_EMIT_LOC_STRINGS = YES;
				SWIFT_VERSION = 5.0;
				TARGETED_DEVICE_FAMILY = "1,2";
			};
			name = Debug;
		};
		16B91C5227CD6FB2005C05A8 /* Release */ = {
			isa = XCBuildConfiguration;
			buildSettings = {
				ASSETCATALOG_COMPILER_APPICON_NAME = AppIcon;
				ASSETCATALOG_COMPILER_GLOBAL_ACCENT_COLOR_NAME = AccentColor;
				CODE_SIGN_ENTITLEMENTS = Recorday/Recorday.entitlements;
				CODE_SIGN_STYLE = Automatic;
				CURRENT_PROJECT_VERSION = 1;
				DEVELOPMENT_TEAM = Y2RWZF749M;
				GENERATE_INFOPLIST_FILE = YES;
				INFOPLIST_FILE = Recorday/Info.plist;
				INFOPLIST_KEY_UIApplicationSupportsIndirectInputEvents = YES;
				INFOPLIST_KEY_UILaunchStoryboardName = LaunchScreen;
				INFOPLIST_KEY_UIMainStoryboardFile = Main;
				INFOPLIST_KEY_UISupportedInterfaceOrientations_iPad = "UIInterfaceOrientationPortrait UIInterfaceOrientationPortraitUpsideDown UIInterfaceOrientationLandscapeLeft UIInterfaceOrientationLandscapeRight";
				INFOPLIST_KEY_UISupportedInterfaceOrientations_iPhone = "UIInterfaceOrientationPortrait UIInterfaceOrientationLandscapeLeft UIInterfaceOrientationLandscapeRight";
				LD_RUNPATH_SEARCH_PATHS = (
					"$(inherited)",
					"@executable_path/Frameworks",
				);
				MARKETING_VERSION = 1.0;
				PRODUCT_BUNDLE_IDENTIFIER = com.milsakim.Recorday;
				PRODUCT_NAME = "$(TARGET_NAME)";
				SWIFT_EMIT_LOC_STRINGS = YES;
				SWIFT_VERSION = 5.0;
				TARGETED_DEVICE_FAMILY = "1,2";
			};
			name = Release;
		};
/* End XCBuildConfiguration section */

/* Begin XCConfigurationList section */
		16B91C3727CD6FB0005C05A8 /* Build configuration list for PBXProject "Recorday" */ = {
			isa = XCConfigurationList;
			buildConfigurations = (
				16B91C4E27CD6FB2005C05A8 /* Debug */,
				16B91C4F27CD6FB2005C05A8 /* Release */,
			);
			defaultConfigurationIsVisible = 0;
			defaultConfigurationName = Release;
		};
		16B91C5027CD6FB2005C05A8 /* Build configuration list for PBXNativeTarget "Recorday" */ = {
			isa = XCConfigurationList;
			buildConfigurations = (
				16B91C5127CD6FB2005C05A8 /* Debug */,
				16B91C5227CD6FB2005C05A8 /* Release */,
			);
			defaultConfigurationIsVisible = 0;
			defaultConfigurationName = Release;
		};
/* End XCConfigurationList section */

/* Begin XCVersionGroup section */
		1629525627CF9F6D00E599E4 /* Model.xcdatamodeld */ = {
			isa = XCVersionGroup;
			children = (
				1629525727CF9F6D00E599E4 /* Model.xcdatamodel */,
			);
			currentVersion = 1629525727CF9F6D00E599E4 /* Model.xcdatamodel */;
			path = Model.xcdatamodeld;
			sourceTree = "<group>";
			versionGroupType = wrapper.xcdatamodel;
		};
/* End XCVersionGroup section */
	};
	rootObject = 16B91C3427CD6FB0005C05A8 /* Project object */;
}
